
Microsoft Visual Studio Solution File, Format Version 12.00
# Visual Studio 15
VisualStudioVersion = 15.0.27703.2042
MinimumVisualStudioVersion = 10.0.40219.1
Project("{8BC9CEB8-8B4A-11D0-8D11-00A0C91BC942}") = "Hash", "Hash.vcxproj", "{60A1F8A9-DE53-4789-AEE9-4760F12DBDDE}"
EndProject
Global
	GlobalSection(SolutionConfigurationPlatforms) = preSolution
		Debug|x64 = Debug|x64
		Debug|x86 = Debug|x86
		Release|x64 = Release|x64
		Release|x86 = Release|x86
	EndGlobalSection
	GlobalSection(ProjectConfigurationPlatforms) = postSolution
		{60A1F8A9-DE53-4789-AEE9-4760F12DBDDE}.Debug|x64.ActiveCfg = Debug|x64
		{60A1F8A9-DE53-4789-AEE9-4760F12DBDDE}.Debug|x64.Build.0 = Debug|x64
		{60A1F8A9-DE53-4789-AEE9-4760F12DBDDE}.Debug|x86.ActiveCfg = Debug|Win32
		{60A1F8A9-DE53-4789-AEE9-4760F12DBDDE}.Debug|x86.Build.0 = Debug|Win32
		{60A1F8A9-DE53-4789-AEE9-4760F12DBDDE}.Release|x64.ActiveCfg = Release|x64
		{60A1F8A9-DE53-4789-AEE9-4760F12DBDDE}.Release|x64.Build.0 = Release|x64
		{60A1F8A9-DE53-4789-AEE9-4760F12DBDDE}.Release|x86.ActiveCfg = Release|Win32
		{60A1F8A9-DE53-4789-AEE9-4760F12DBDDE}.Release|x86.Build.0 = Release|Win32
	EndGlobalSection
	GlobalSection(SolutionProperties) = preSolution
		HideSolutionNode = FALSE
	EndGlobalSection
	GlobalSection(ExtensibilityGlobals) = postSolution
		SolutionGuid = {288AF51D-9BD5-48F4-9CE4-D29CDCAA448E}
	EndGlobalSection
EndGlobal
